// !$*UTF8*$!
{
	archiveVersion = 1;
	classes = {
	};
	objectVersion = 50;
	objects = {

/* Begin PBXBuildFile section */
		082FC82F220EC6F70030A56A /* AppDelegate.swift in Sources */ = {isa = PBXBuildFile; fileRef = 082FC82E220EC6F70030A56A /* AppDelegate.swift */; };
		082FC831220EC6F70030A56A /* SelectViewController.swift in Sources */ = {isa = PBXBuildFile; fileRef = 082FC830220EC6F70030A56A /* SelectViewController.swift */; };
		082FC834220EC6F70030A56A /* Main.storyboard in Resources */ = {isa = PBXBuildFile; fileRef = 082FC832220EC6F70030A56A /* Main.storyboard */; };
		082FC836220EC6F80030A56A /* Assets.xcassets in Resources */ = {isa = PBXBuildFile; fileRef = 082FC835220EC6F80030A56A /* Assets.xcassets */; };
		082FC839220EC6F80030A56A /* LaunchScreen.storyboard in Resources */ = {isa = PBXBuildFile; fileRef = 082FC837220EC6F80030A56A /* LaunchScreen.storyboard */; };
		086159F0220FBF3100CA77FE /* GoogleService-Info.plist in Resources */ = {isa = PBXBuildFile; fileRef = 086159EF220FBF3100CA77FE /* GoogleService-Info.plist */; };
		086159F2220FD1C100CA77FE /* CameraQRViewController.swift in Sources */ = {isa = PBXBuildFile; fileRef = 086159F1220FD1C100CA77FE /* CameraQRViewController.swift */; };
		086159F4220FD1D500CA77FE /* LibraryQRViewController.swift in Sources */ = {isa = PBXBuildFile; fileRef = 086159F3220FD1D500CA77FE /* LibraryQRViewController.swift */; };
		08615A3A2210FC7000CA77FE /* StringExtension.swift in Sources */ = {isa = PBXBuildFile; fileRef = 08615A392210FC7000CA77FE /* StringExtension.swift */; };
		08615A3C221118E300CA77FE /* ConfirmQRViewController.swift in Sources */ = {isa = PBXBuildFile; fileRef = 08615A3B221118E300CA77FE /* ConfirmQRViewController.swift */; };
		08615A4022118BA700CA77FE /* ViewControllerExtension.swift in Sources */ = {isa = PBXBuildFile; fileRef = 08615A3F22118BA700CA77FE /* ViewControllerExtension.swift */; };
		08615A422211C44700CA77FE /* PhoneLoginViewController.swift in Sources */ = {isa = PBXBuildFile; fileRef = 08615A412211C44700CA77FE /* PhoneLoginViewController.swift */; };
		08615A442211C45900CA77FE /* PhoneVerificationViewController.swift in Sources */ = {isa = PBXBuildFile; fileRef = 08615A432211C45900CA77FE /* PhoneVerificationViewController.swift */; };
		08615A462212615700CA77FE /* ParentInfoViewController.swift in Sources */ = {isa = PBXBuildFile; fileRef = 08615A452212615700CA77FE /* ParentInfoViewController.swift */; };
		08615A482212630900CA77FE /* ParentMenuViewController.swift in Sources */ = {isa = PBXBuildFile; fileRef = 08615A472212630900CA77FE /* ParentMenuViewController.swift */; };
		08615A4A221265DD00CA77FE /* ParentMapViewController.swift in Sources */ = {isa = PBXBuildFile; fileRef = 08615A49221265DD00CA77FE /* ParentMapViewController.swift */; };
		08615A4C2212660100CA77FE /* ChildrenMapViewController.swift in Sources */ = {isa = PBXBuildFile; fileRef = 08615A4B2212660000CA77FE /* ChildrenMapViewController.swift */; };
		08615C6622139F2B00CA77FE /* Constants.swift in Sources */ = {isa = PBXBuildFile; fileRef = 08615C6522139F2B00CA77FE /* Constants.swift */; };
		08CE8CDA220EE497009D41F4 /* ParentLoginViewController.swift in Sources */ = {isa = PBXBuildFile; fileRef = 08CE8CD9220EE497009D41F4 /* ParentLoginViewController.swift */; };
		08CE8CDC220EE4AC009D41F4 /* ChildLoginViewController.swift in Sources */ = {isa = PBXBuildFile; fileRef = 08CE8CDB220EE4AC009D41F4 /* ChildLoginViewController.swift */; };
		08CE8D23220F7349009D41F4 /* UIColorExtension.swift in Sources */ = {isa = PBXBuildFile; fileRef = 08CE8D22220F7349009D41F4 /* UIColorExtension.swift */; };
		08CE8D25220F7C6E009D41F4 /* LoginViewController.swift in Sources */ = {isa = PBXBuildFile; fileRef = 08CE8D24220F7C6E009D41F4 /* LoginViewController.swift */; };
		08CE8D42220F8577009D41F4 /* Localizable.strings in Resources */ = {isa = PBXBuildFile; fileRef = 08CE8D44220F8577009D41F4 /* Localizable.strings */; };
		08CE8D49220F8B41009D41F4 /* InfoPlist.strings in Resources */ = {isa = PBXBuildFile; fileRef = 08CE8D4B220F8B41009D41F4 /* InfoPlist.strings */; };
		14CD9F11B262B76963529CC1 /* Pods_Tadaima.framework in Frameworks */ = {isa = PBXBuildFile; fileRef = 8E475DDBF0D1F248CB0D1743 /* Pods_Tadaima.framework */; };
/* End PBXBuildFile section */

/* Begin PBXFileReference section */
		082FC82B220EC6F70030A56A /* Tadaima.app */ = {isa = PBXFileReference; explicitFileType = wrapper.application; includeInIndex = 0; path = Tadaima.app; sourceTree = BUILT_PRODUCTS_DIR; };
		082FC82E220EC6F70030A56A /* AppDelegate.swift */ = {isa = PBXFileReference; lastKnownFileType = sourcecode.swift; path = AppDelegate.swift; sourceTree = "<group>"; };
		082FC830220EC6F70030A56A /* SelectViewController.swift */ = {isa = PBXFileReference; lastKnownFileType = sourcecode.swift; path = SelectViewController.swift; sourceTree = "<group>"; };
		082FC833220EC6F70030A56A /* Base */ = {isa = PBXFileReference; lastKnownFileType = file.storyboard; name = Base; path = Base.lproj/Main.storyboard; sourceTree = "<group>"; };
		082FC835220EC6F80030A56A /* Assets.xcassets */ = {isa = PBXFileReference; lastKnownFileType = folder.assetcatalog; path = Assets.xcassets; sourceTree = "<group>"; };
		082FC838220EC6F80030A56A /* Base */ = {isa = PBXFileReference; lastKnownFileType = file.storyboard; name = Base; path = Base.lproj/LaunchScreen.storyboard; sourceTree = "<group>"; };
		082FC83A220EC6F80030A56A /* Info.plist */ = {isa = PBXFileReference; lastKnownFileType = text.plist.xml; path = Info.plist; sourceTree = "<group>"; };
		082FC858220EC8760030A56A /* Tadaima.entitlements */ = {isa = PBXFileReference; lastKnownFileType = text.plist.entitlements; path = Tadaima.entitlements; sourceTree = "<group>"; };
		086159EF220FBF3100CA77FE /* GoogleService-Info.plist */ = {isa = PBXFileReference; fileEncoding = 4; lastKnownFileType = text.plist.xml; path = "GoogleService-Info.plist"; sourceTree = "<group>"; };
		086159F1220FD1C100CA77FE /* CameraQRViewController.swift */ = {isa = PBXFileReference; lastKnownFileType = sourcecode.swift; path = CameraQRViewController.swift; sourceTree = "<group>"; };
		086159F3220FD1D500CA77FE /* LibraryQRViewController.swift */ = {isa = PBXFileReference; lastKnownFileType = sourcecode.swift; path = LibraryQRViewController.swift; sourceTree = "<group>"; };
		08615A392210FC7000CA77FE /* StringExtension.swift */ = {isa = PBXFileReference; lastKnownFileType = sourcecode.swift; path = StringExtension.swift; sourceTree = "<group>"; };
		08615A3B221118E300CA77FE /* ConfirmQRViewController.swift */ = {isa = PBXFileReference; lastKnownFileType = sourcecode.swift; path = ConfirmQRViewController.swift; sourceTree = "<group>"; };
		08615A3F22118BA700CA77FE /* ViewControllerExtension.swift */ = {isa = PBXFileReference; lastKnownFileType = sourcecode.swift; path = ViewControllerExtension.swift; sourceTree = "<group>"; };
		08615A412211C44700CA77FE /* PhoneLoginViewController.swift */ = {isa = PBXFileReference; lastKnownFileType = sourcecode.swift; path = PhoneLoginViewController.swift; sourceTree = "<group>"; };
		08615A432211C45900CA77FE /* PhoneVerificationViewController.swift */ = {isa = PBXFileReference; lastKnownFileType = sourcecode.swift; path = PhoneVerificationViewController.swift; sourceTree = "<group>"; };
		08615A452212615700CA77FE /* ParentInfoViewController.swift */ = {isa = PBXFileReference; lastKnownFileType = sourcecode.swift; path = ParentInfoViewController.swift; sourceTree = "<group>"; };
		08615A472212630900CA77FE /* ParentMenuViewController.swift */ = {isa = PBXFileReference; lastKnownFileType = sourcecode.swift; path = ParentMenuViewController.swift; sourceTree = "<group>"; };
		08615A49221265DD00CA77FE /* ParentMapViewController.swift */ = {isa = PBXFileReference; lastKnownFileType = sourcecode.swift; path = ParentMapViewController.swift; sourceTree = "<group>"; };
		08615A4B2212660000CA77FE /* ChildrenMapViewController.swift */ = {isa = PBXFileReference; lastKnownFileType = sourcecode.swift; path = ChildrenMapViewController.swift; sourceTree = "<group>"; };
		08615C6522139F2B00CA77FE /* Constants.swift */ = {isa = PBXFileReference; lastKnownFileType = sourcecode.swift; path = Constants.swift; sourceTree = "<group>"; };
		08CE8CD9220EE497009D41F4 /* ParentLoginViewController.swift */ = {isa = PBXFileReference; lastKnownFileType = sourcecode.swift; path = ParentLoginViewController.swift; sourceTree = "<group>"; };
		08CE8CDB220EE4AC009D41F4 /* ChildLoginViewController.swift */ = {isa = PBXFileReference; lastKnownFileType = sourcecode.swift; path = ChildLoginViewController.swift; sourceTree = "<group>"; };
		08CE8D22220F7349009D41F4 /* UIColorExtension.swift */ = {isa = PBXFileReference; lastKnownFileType = sourcecode.swift; path = UIColorExtension.swift; sourceTree = "<group>"; };
		08CE8D24220F7C6E009D41F4 /* LoginViewController.swift */ = {isa = PBXFileReference; lastKnownFileType = sourcecode.swift; path = LoginViewController.swift; sourceTree = "<group>"; };
		08CE8D3E220F8495009D41F4 /* ja */ = {isa = PBXFileReference; lastKnownFileType = text.plist.strings; name = ja; path = ja.lproj/Main.strings; sourceTree = "<group>"; };
		08CE8D3F220F8496009D41F4 /* ja */ = {isa = PBXFileReference; lastKnownFileType = text.plist.strings; name = ja; path = ja.lproj/LaunchScreen.strings; sourceTree = "<group>"; };
		08CE8D43220F8577009D41F4 /* ja */ = {isa = PBXFileReference; lastKnownFileType = text.plist.strings; name = ja; path = ja.lproj/Localizable.strings; sourceTree = "<group>"; };
		08CE8D45220F857D009D41F4 /* en */ = {isa = PBXFileReference; lastKnownFileType = text.plist.strings; name = en; path = en.lproj/Localizable.strings; sourceTree = "<group>"; };
		08CE8D4A220F8B41009D41F4 /* en */ = {isa = PBXFileReference; lastKnownFileType = text.plist.strings; name = en; path = en.lproj/InfoPlist.strings; sourceTree = "<group>"; };
		08CE8D4C220F8B42009D41F4 /* ja */ = {isa = PBXFileReference; lastKnownFileType = text.plist.strings; name = ja; path = ja.lproj/InfoPlist.strings; sourceTree = "<group>"; };
		7DD776212663858789AFB7A3 /* Pods-Tadaima.release.xcconfig */ = {isa = PBXFileReference; includeInIndex = 1; lastKnownFileType = text.xcconfig; name = "Pods-Tadaima.release.xcconfig"; path = "Target Support Files/Pods-Tadaima/Pods-Tadaima.release.xcconfig"; sourceTree = "<group>"; };
		8E475DDBF0D1F248CB0D1743 /* Pods_Tadaima.framework */ = {isa = PBXFileReference; explicitFileType = wrapper.framework; includeInIndex = 0; path = Pods_Tadaima.framework; sourceTree = BUILT_PRODUCTS_DIR; };
		CC04E70EC1583EDF8A09E03E /* Pods-Tadaima.debug.xcconfig */ = {isa = PBXFileReference; includeInIndex = 1; lastKnownFileType = text.xcconfig; name = "Pods-Tadaima.debug.xcconfig"; path = "Target Support Files/Pods-Tadaima/Pods-Tadaima.debug.xcconfig"; sourceTree = "<group>"; };
/* End PBXFileReference section */

/* Begin PBXFrameworksBuildPhase section */
		082FC828220EC6F70030A56A /* Frameworks */ = {
			isa = PBXFrameworksBuildPhase;
			buildActionMask = 2147483647;
			files = (
				14CD9F11B262B76963529CC1 /* Pods_Tadaima.framework in Frameworks */,
			);
			runOnlyForDeploymentPostprocessing = 0;
		};
/* End PBXFrameworksBuildPhase section */

/* Begin PBXGroup section */
		082FC822220EC6F70030A56A = {
			isa = PBXGroup;
			children = (
				082FC82D220EC6F70030A56A /* Tadaima */,
				082FC82C220EC6F70030A56A /* Products */,
				22A9A9DC85EB49959F7835B2 /* Pods */,
				5A09CC78584B7A7C9B28ED1E /* Frameworks */,
			);
			sourceTree = "<group>";
		};
		082FC82C220EC6F70030A56A /* Products */ = {
			isa = PBXGroup;
			children = (
				082FC82B220EC6F70030A56A /* Tadaima.app */,
			);
			name = Products;
			sourceTree = "<group>";
		};
		082FC82D220EC6F70030A56A /* Tadaima */ = {
			isa = PBXGroup;
			children = (
				08CE8D46220F8B0E009D41F4 /* Localization */,
				08CE8D21220F7317009D41F4 /* Extensions */,
				08CE8CD8220EDB80009D41F4 /* ViewControllers */,
				082FC858220EC8760030A56A /* Tadaima.entitlements */,
				082FC82E220EC6F70030A56A /* AppDelegate.swift */,
				082FC832220EC6F70030A56A /* Main.storyboard */,
				082FC835220EC6F80030A56A /* Assets.xcassets */,
				082FC837220EC6F80030A56A /* LaunchScreen.storyboard */,
				086159EF220FBF3100CA77FE /* GoogleService-Info.plist */,
				082FC83A220EC6F80030A56A /* Info.plist */,
			);
			path = Tadaima;
			sourceTree = "<group>";
		};
		08CE8CD8220EDB80009D41F4 /* ViewControllers */ = {
			isa = PBXGroup;
			children = (
				082FC830220EC6F70030A56A /* SelectViewController.swift */,
				08CE8CD9220EE497009D41F4 /* ParentLoginViewController.swift */,
				08CE8CDB220EE4AC009D41F4 /* ChildLoginViewController.swift */,
				08CE8D24220F7C6E009D41F4 /* LoginViewController.swift */,
				086159F1220FD1C100CA77FE /* CameraQRViewController.swift */,
				086159F3220FD1D500CA77FE /* LibraryQRViewController.swift */,
				08615A3B221118E300CA77FE /* ConfirmQRViewController.swift */,
				08615A412211C44700CA77FE /* PhoneLoginViewController.swift */,
				08615A432211C45900CA77FE /* PhoneVerificationViewController.swift */,
				08615A452212615700CA77FE /* ParentInfoViewController.swift */,
				08615A472212630900CA77FE /* ParentMenuViewController.swift */,
				08615A49221265DD00CA77FE /* ParentMapViewController.swift */,
				08615A4B2212660000CA77FE /* ChildrenMapViewController.swift */,
			);
			path = ViewControllers;
			sourceTree = "<group>";
		};
		08CE8D21220F7317009D41F4 /* Extensions */ = {
			isa = PBXGroup;
			children = (
				08CE8D22220F7349009D41F4 /* UIColorExtension.swift */,
				08615A392210FC7000CA77FE /* StringExtension.swift */,
				08615A3F22118BA700CA77FE /* ViewControllerExtension.swift */,
				08615C6522139F2B00CA77FE /* Constants.swift */,
			);
			path = Extensions;
			sourceTree = "<group>";
		};
		08CE8D46220F8B0E009D41F4 /* Localization */ = {
			isa = PBXGroup;
			children = (
				08CE8D44220F8577009D41F4 /* Localizable.strings */,
				08CE8D4B220F8B41009D41F4 /* InfoPlist.strings */,
			);
			path = Localization;
			sourceTree = "<group>";
		};
		22A9A9DC85EB49959F7835B2 /* Pods */ = {
			isa = PBXGroup;
			children = (
				CC04E70EC1583EDF8A09E03E /* Pods-Tadaima.debug.xcconfig */,
				7DD776212663858789AFB7A3 /* Pods-Tadaima.release.xcconfig */,
			);
			path = Pods;
			sourceTree = "<group>";
		};
		5A09CC78584B7A7C9B28ED1E /* Frameworks */ = {
			isa = PBXGroup;
			children = (
				8E475DDBF0D1F248CB0D1743 /* Pods_Tadaima.framework */,
			);
			name = Frameworks;
			sourceTree = "<group>";
		};
/* End PBXGroup section */

/* Begin PBXNativeTarget section */
		082FC82A220EC6F70030A56A /* Tadaima */ = {
			isa = PBXNativeTarget;
			buildConfigurationList = 082FC83D220EC6F80030A56A /* Build configuration list for PBXNativeTarget "Tadaima" */;
			buildPhases = (
				E2E2AD3297142B94C77FB87E /* [CP] Check Pods Manifest.lock */,
				082FC827220EC6F70030A56A /* Sources */,
				082FC828220EC6F70030A56A /* Frameworks */,
				082FC829220EC6F70030A56A /* Resources */,
				8C55899F8AB8FFB2EDD7CBD4 /* [CP] Embed Pods Frameworks */,
				4E4B9F40058748D790B67BF6 /* [CP] Copy Pods Resources */,
			);
			buildRules = (
			);
			dependencies = (
			);
			name = Tadaima;
			productName = Tadaima;
			productReference = 082FC82B220EC6F70030A56A /* Tadaima.app */;
			productType = "com.apple.product-type.application";
		};
/* End PBXNativeTarget section */

/* Begin PBXProject section */
		082FC823220EC6F70030A56A /* Project object */ = {
			isa = PBXProject;
			attributes = {
				LastSwiftUpdateCheck = 1010;
				LastUpgradeCheck = 1010;
				ORGANIZATIONNAME = Tadaima;
				TargetAttributes = {
					082FC82A220EC6F70030A56A = {
						CreatedOnToolsVersion = 10.1;
						SystemCapabilities = {
							com.apple.BackgroundModes = {
								enabled = 1;
							};
							com.apple.Push = {
								enabled = 1;
							};
						};
					};
				};
			};
			buildConfigurationList = 082FC826220EC6F70030A56A /* Build configuration list for PBXProject "Tadaima" */;
			compatibilityVersion = "Xcode 9.3";
			developmentRegion = en;
			hasScannedForEncodings = 0;
			knownRegions = (
				en,
				Base,
				ja,
			);
			mainGroup = 082FC822220EC6F70030A56A;
			productRefGroup = 082FC82C220EC6F70030A56A /* Products */;
			projectDirPath = "";
			projectRoot = "";
			targets = (
				082FC82A220EC6F70030A56A /* Tadaima */,
			);
		};
/* End PBXProject section */

/* Begin PBXResourcesBuildPhase section */
		082FC829220EC6F70030A56A /* Resources */ = {
			isa = PBXResourcesBuildPhase;
			buildActionMask = 2147483647;
			files = (
				082FC839220EC6F80030A56A /* LaunchScreen.storyboard in Resources */,
				08CE8D42220F8577009D41F4 /* Localizable.strings in Resources */,
				082FC836220EC6F80030A56A /* Assets.xcassets in Resources */,
				082FC834220EC6F70030A56A /* Main.storyboard in Resources */,
				08CE8D49220F8B41009D41F4 /* InfoPlist.strings in Resources */,
				086159F0220FBF3100CA77FE /* GoogleService-Info.plist in Resources */,
			);
			runOnlyForDeploymentPostprocessing = 0;
		};
/* End PBXResourcesBuildPhase section */

/* Begin PBXShellScriptBuildPhase section */
		4E4B9F40058748D790B67BF6 /* [CP] Copy Pods Resources */ = {
			isa = PBXShellScriptBuildPhase;
			buildActionMask = 2147483647;
			files = (
			);
			inputFileListPaths = (
			);
			inputPaths = (
				"${PODS_ROOT}/Target Support Files/Pods-Tadaima/Pods-Tadaima-resources.sh",
				"${PODS_ROOT}/GoogleMaps/Maps/Frameworks/GoogleMaps.framework/Resources/GoogleMaps.bundle",
				"${PODS_ROOT}/ZDCChat/ZDCChatStrings.bundle",
				"${PODS_ROOT}/ZDCChat/ZDCChat.bundle",
			);
			name = "[CP] Copy Pods Resources";
			outputFileListPaths = (
			);
			outputPaths = (
				"${TARGET_BUILD_DIR}/${UNLOCALIZED_RESOURCES_FOLDER_PATH}/GoogleMaps.bundle",
				"${TARGET_BUILD_DIR}/${UNLOCALIZED_RESOURCES_FOLDER_PATH}/ZDCChatStrings.bundle",
				"${TARGET_BUILD_DIR}/${UNLOCALIZED_RESOURCES_FOLDER_PATH}/ZDCChat.bundle",
			);
			runOnlyForDeploymentPostprocessing = 0;
			shellPath = /bin/sh;
			shellScript = "\"${PODS_ROOT}/Target Support Files/Pods-Tadaima/Pods-Tadaima-resources.sh\"\n";
			showEnvVarsInLog = 0;
		};
		8C55899F8AB8FFB2EDD7CBD4 /* [CP] Embed Pods Frameworks */ = {
			isa = PBXShellScriptBuildPhase;
			buildActionMask = 2147483647;
			files = (
			);
			inputFileListPaths = (
			);
			inputPaths = (
				"${PODS_ROOT}/Target Support Files/Pods-Tadaima/Pods-Tadaima-frameworks.sh",
				"${BUILT_PRODUCTS_DIR}/Alamofire/Alamofire.framework",
				"${BUILT_PRODUCTS_DIR}/AlamofireImage/AlamofireImage.framework",
				"${BUILT_PRODUCTS_DIR}/AlamofireObjectMapper/AlamofireObjectMapper.framework",
				"${BUILT_PRODUCTS_DIR}/FlagPhoneNumber/FlagPhoneNumber.framework",
				"${BUILT_PRODUCTS_DIR}/GTMSessionFetcher/GTMSessionFetcher.framework",
				"${BUILT_PRODUCTS_DIR}/GoogleUtilities/GoogleUtilities.framework",
				"${BUILT_PRODUCTS_DIR}/IQKeyboardManager/IQKeyboardManager.framework",
				"${BUILT_PRODUCTS_DIR}/KYDrawerController/KYDrawerController.framework",
				"${BUILT_PRODUCTS_DIR}/MBProgressHUD/MBProgressHUD.framework",
				"${BUILT_PRODUCTS_DIR}/ObjectMapper/ObjectMapper.framework",
				"${BUILT_PRODUCTS_DIR}/PinCodeTextField/PinCodeTextField.framework",
				"${BUILT_PRODUCTS_DIR}/Protobuf/Protobuf.framework",
				"${BUILT_PRODUCTS_DIR}/SkyFloatingLabelTextField/SkyFloatingLabelTextField.framework",
				"${BUILT_PRODUCTS_DIR}/SwiftIcons/SwiftIcons.framework",
				"${BUILT_PRODUCTS_DIR}/ZAlertView/ZAlertView.framework",
				"${BUILT_PRODUCTS_DIR}/leveldb-library/leveldb.framework",
				"${BUILT_PRODUCTS_DIR}/libPhoneNumber-iOS/libPhoneNumber_iOS.framework",
				"${BUILT_PRODUCTS_DIR}/nanopb/nanopb.framework",
			);
			name = "[CP] Embed Pods Frameworks";
			outputFileListPaths = (
			);
			outputPaths = (
				"${TARGET_BUILD_DIR}/${FRAMEWORKS_FOLDER_PATH}/Alamofire.framework",
				"${TARGET_BUILD_DIR}/${FRAMEWORKS_FOLDER_PATH}/AlamofireImage.framework",
				"${TARGET_BUILD_DIR}/${FRAMEWORKS_FOLDER_PATH}/AlamofireObjectMapper.framework",
				"${TARGET_BUILD_DIR}/${FRAMEWORKS_FOLDER_PATH}/FlagPhoneNumber.framework",
				"${TARGET_BUILD_DIR}/${FRAMEWORKS_FOLDER_PATH}/GTMSessionFetcher.framework",
				"${TARGET_BUILD_DIR}/${FRAMEWORKS_FOLDER_PATH}/GoogleUtilities.framework",
				"${TARGET_BUILD_DIR}/${FRAMEWORKS_FOLDER_PATH}/IQKeyboardManager.framework",
				"${TARGET_BUILD_DIR}/${FRAMEWORKS_FOLDER_PATH}/KYDrawerController.framework",
				"${TARGET_BUILD_DIR}/${FRAMEWORKS_FOLDER_PATH}/MBProgressHUD.framework",
				"${TARGET_BUILD_DIR}/${FRAMEWORKS_FOLDER_PATH}/ObjectMapper.framework",
				"${TARGET_BUILD_DIR}/${FRAMEWORKS_FOLDER_PATH}/PinCodeTextField.framework",
				"${TARGET_BUILD_DIR}/${FRAMEWORKS_FOLDER_PATH}/Protobuf.framework",
				"${TARGET_BUILD_DIR}/${FRAMEWORKS_FOLDER_PATH}/SkyFloatingLabelTextField.framework",
				"${TARGET_BUILD_DIR}/${FRAMEWORKS_FOLDER_PATH}/SwiftIcons.framework",
				"${TARGET_BUILD_DIR}/${FRAMEWORKS_FOLDER_PATH}/ZAlertView.framework",
				"${TARGET_BUILD_DIR}/${FRAMEWORKS_FOLDER_PATH}/leveldb.framework",
				"${TARGET_BUILD_DIR}/${FRAMEWORKS_FOLDER_PATH}/libPhoneNumber_iOS.framework",
				"${TARGET_BUILD_DIR}/${FRAMEWORKS_FOLDER_PATH}/nanopb.framework",
			);
			runOnlyForDeploymentPostprocessing = 0;
			shellPath = /bin/sh;
			shellScript = "\"${PODS_ROOT}/Target Support Files/Pods-Tadaima/Pods-Tadaima-frameworks.sh\"\n";
			showEnvVarsInLog = 0;
		};
		E2E2AD3297142B94C77FB87E /* [CP] Check Pods Manifest.lock */ = {
			isa = PBXShellScriptBuildPhase;
			buildActionMask = 2147483647;
			files = (
			);
			inputFileListPaths = (
			);
			inputPaths = (
				"${PODS_PODFILE_DIR_PATH}/Podfile.lock",
				"${PODS_ROOT}/Manifest.lock",
			);
			name = "[CP] Check Pods Manifest.lock";
			outputFileListPaths = (
			);
			outputPaths = (
				"$(DERIVED_FILE_DIR)/Pods-Tadaima-checkManifestLockResult.txt",
			);
			runOnlyForDeploymentPostprocessing = 0;
			shellPath = /bin/sh;
			shellScript = "diff \"${PODS_PODFILE_DIR_PATH}/Podfile.lock\" \"${PODS_ROOT}/Manifest.lock\" > /dev/null\nif [ $? != 0 ] ; then\n    # print error to STDERR\n    echo \"error: The sandbox is not in sync with the Podfile.lock. Run 'pod install' or update your CocoaPods installation.\" >&2\n    exit 1\nfi\n# This output is used by Xcode 'outputs' to avoid re-running this script phase.\necho \"SUCCESS\" > \"${SCRIPT_OUTPUT_FILE_0}\"\n";
			showEnvVarsInLog = 0;
		};
/* End PBXShellScriptBuildPhase section */

/* Begin PBXSourcesBuildPhase section */
		082FC827220EC6F70030A56A /* Sources */ = {
			isa = PBXSourcesBuildPhase;
			buildActionMask = 2147483647;
			files = (
				08615A462212615700CA77FE /* ParentInfoViewController.swift in Sources */,
				08615A4022118BA700CA77FE /* ViewControllerExtension.swift in Sources */,
				08CE8D25220F7C6E009D41F4 /* LoginViewController.swift in Sources */,
				08615A3A2210FC7000CA77FE /* StringExtension.swift in Sources */,
				08615A422211C44700CA77FE /* PhoneLoginViewController.swift in Sources */,
				086159F4220FD1D500CA77FE /* LibraryQRViewController.swift in Sources */,
				086159F2220FD1C100CA77FE /* CameraQRViewController.swift in Sources */,
				082FC831220EC6F70030A56A /* SelectViewController.swift in Sources */,
				08CE8CDC220EE4AC009D41F4 /* ChildLoginViewController.swift in Sources */,
				08615A3C221118E300CA77FE /* ConfirmQRViewController.swift in Sources */,
				08615A442211C45900CA77FE /* PhoneVerificationViewController.swift in Sources */,
				08615A4C2212660100CA77FE /* ChildrenMapViewController.swift in Sources */,
				08615A482212630900CA77FE /* ParentMenuViewController.swift in Sources */,
				08CE8D23220F7349009D41F4 /* UIColorExtension.swift in Sources */,
				082FC82F220EC6F70030A56A /* AppDelegate.swift in Sources */,
				08CE8CDA220EE497009D41F4 /* ParentLoginViewController.swift in Sources */,
				08615A4A221265DD00CA77FE /* ParentMapViewController.swift in Sources */,
				08615C6622139F2B00CA77FE /* Constants.swift in Sources */,
			);
			runOnlyForDeploymentPostprocessing = 0;
		};
/* End PBXSourcesBuildPhase section */

/* Begin PBXVariantGroup section */
		082FC832220EC6F70030A56A /* Main.storyboard */ = {
			isa = PBXVariantGroup;
			children = (
				082FC833220EC6F70030A56A /* Base */,
				08CE8D3E220F8495009D41F4 /* ja */,
			);
			name = Main.storyboard;
			sourceTree = "<group>";
		};
		082FC837220EC6F80030A56A /* LaunchScreen.storyboard */ = {
			isa = PBXVariantGroup;
			children = (
				082FC838220EC6F80030A56A /* Base */,
				08CE8D3F220F8496009D41F4 /* ja */,
			);
			name = LaunchScreen.storyboard;
			sourceTree = "<group>";
		};
		08CE8D44220F8577009D41F4 /* Localizable.strings */ = {
			isa = PBXVariantGroup;
			children = (
				08CE8D43220F8577009D41F4 /* ja */,
				08CE8D45220F857D009D41F4 /* en */,
			);
			name = Localizable.strings;
			sourceTree = "<group>";
		};
		08CE8D4B220F8B41009D41F4 /* InfoPlist.strings */ = {
			isa = PBXVariantGroup;
			children = (
				08CE8D4A220F8B41009D41F4 /* en */,
				08CE8D4C220F8B42009D41F4 /* ja */,
			);
			name = InfoPlist.strings;
			sourceTree = "<group>";
		};
/* End PBXVariantGroup section */

/* Begin XCBuildConfiguration section */
		082FC83B220EC6F80030A56A /* Debug */ = {
			isa = XCBuildConfiguration;
			buildSettings = {
				ALWAYS_SEARCH_USER_PATHS = NO;
				CLANG_ANALYZER_LOCALIZABILITY_NONLOCALIZED = YES;
				CLANG_ANALYZER_NONNULL = YES;
				CLANG_ANALYZER_NUMBER_OBJECT_CONVERSION = YES_AGGRESSIVE;
				CLANG_CXX_LANGUAGE_STANDARD = "gnu++14";
				CLANG_CXX_LIBRARY = "libc++";
				CLANG_ENABLE_MODULES = YES;
				CLANG_ENABLE_OBJC_ARC = YES;
				CLANG_ENABLE_OBJC_WEAK = YES;
				CLANG_WARN_BLOCK_CAPTURE_AUTORELEASING = YES;
				CLANG_WARN_BOOL_CONVERSION = YES;
				CLANG_WARN_COMMA = YES;
				CLANG_WARN_CONSTANT_CONVERSION = YES;
				CLANG_WARN_DEPRECATED_OBJC_IMPLEMENTATIONS = YES;
				CLANG_WARN_DIRECT_OBJC_ISA_USAGE = YES_ERROR;
				CLANG_WARN_DOCUMENTATION_COMMENTS = YES;
				CLANG_WARN_EMPTY_BODY = YES;
				CLANG_WARN_ENUM_CONVERSION = YES;
				CLANG_WARN_INFINITE_RECURSION = YES;
				CLANG_WARN_INT_CONVERSION = YES;
				CLANG_WARN_NON_LITERAL_NULL_CONVERSION = YES;
				CLANG_WARN_OBJC_IMPLICIT_RETAIN_SELF = YES;
				CLANG_WARN_OBJC_LITERAL_CONVERSION = YES;
				CLANG_WARN_OBJC_ROOT_CLASS = YES_ERROR;
				CLANG_WARN_RANGE_LOOP_ANALYSIS = YES;
				CLANG_WARN_STRICT_PROTOTYPES = YES;
				CLANG_WARN_SUSPICIOUS_MOVE = YES;
				CLANG_WARN_UNGUARDED_AVAILABILITY = YES_AGGRESSIVE;
				CLANG_WARN_UNREACHABLE_CODE = YES;
				CLANG_WARN__DUPLICATE_METHOD_MATCH = YES;
				CODE_SIGN_IDENTITY = "iPhone Developer";
				COPY_PHASE_STRIP = NO;
				DEBUG_INFORMATION_FORMAT = dwarf;
				ENABLE_STRICT_OBJC_MSGSEND = YES;
				ENABLE_TESTABILITY = YES;
				GCC_C_LANGUAGE_STANDARD = gnu11;
				GCC_DYNAMIC_NO_PIC = NO;
				GCC_NO_COMMON_BLOCKS = YES;
				GCC_OPTIMIZATION_LEVEL = 0;
				GCC_PREPROCESSOR_DEFINITIONS = (
					"DEBUG=1",
					"$(inherited)",
				);
				GCC_WARN_64_TO_32_BIT_CONVERSION = YES;
				GCC_WARN_ABOUT_RETURN_TYPE = YES_ERROR;
				GCC_WARN_UNDECLARED_SELECTOR = YES;
				GCC_WARN_UNINITIALIZED_AUTOS = YES_AGGRESSIVE;
				GCC_WARN_UNUSED_FUNCTION = YES;
				GCC_WARN_UNUSED_VARIABLE = YES;
				IPHONEOS_DEPLOYMENT_TARGET = 12.1;
				MTL_ENABLE_DEBUG_INFO = INCLUDE_SOURCE;
				MTL_FAST_MATH = YES;
				ONLY_ACTIVE_ARCH = YES;
				SDKROOT = iphoneos;
				SWIFT_ACTIVE_COMPILATION_CONDITIONS = DEBUG;
				SWIFT_OPTIMIZATION_LEVEL = "-Onone";
			};
			name = Debug;
		};
		082FC83C220EC6F80030A56A /* Release */ = {
			isa = XCBuildConfiguration;
			buildSettings = {
				ALWAYS_SEARCH_USER_PATHS = NO;
				CLANG_ANALYZER_LOCALIZABILITY_NONLOCALIZED = YES;
				CLANG_ANALYZER_NONNULL = YES;
				CLANG_ANALYZER_NUMBER_OBJECT_CONVERSION = YES_AGGRESSIVE;
				CLANG_CXX_LANGUAGE_STANDARD = "gnu++14";
				CLANG_CXX_LIBRARY = "libc++";
				CLANG_ENABLE_MODULES = YES;
				CLANG_ENABLE_OBJC_ARC = YES;
				CLANG_ENABLE_OBJC_WEAK = YES;
				CLANG_WARN_BLOCK_CAPTURE_AUTORELEASING = YES;
				CLANG_WARN_BOOL_CONVERSION = YES;
				CLANG_WARN_COMMA = YES;
				CLANG_WARN_CONSTANT_CONVERSION = YES;
				CLANG_WARN_DEPRECATED_OBJC_IMPLEMENTATIONS = YES;
				CLANG_WARN_DIRECT_OBJC_ISA_USAGE = YES_ERROR;
				CLANG_WARN_DOCUMENTATION_COMMENTS = YES;
				CLANG_WARN_EMPTY_BODY = YES;
				CLANG_WARN_ENUM_CONVERSION = YES;
				CLANG_WARN_INFINITE_RECURSION = YES;
				CLANG_WARN_INT_CONVERSION = YES;
				CLANG_WARN_NON_LITERAL_NULL_CONVERSION = YES;
				CLANG_WARN_OBJC_IMPLICIT_RETAIN_SELF = YES;
				CLANG_WARN_OBJC_LITERAL_CONVERSION = YES;
				CLANG_WARN_OBJC_ROOT_CLASS = YES_ERROR;
				CLANG_WARN_RANGE_LOOP_ANALYSIS = YES;
				CLANG_WARN_STRICT_PROTOTYPES = YES;
				CLANG_WARN_SUSPICIOUS_MOVE = YES;
				CLANG_WARN_UNGUARDED_AVAILABILITY = YES_AGGRESSIVE;
				CLANG_WARN_UNREACHABLE_CODE = YES;
				CLANG_WARN__DUPLICATE_METHOD_MATCH = YES;
				CODE_SIGN_IDENTITY = "iPhone Developer";
				COPY_PHASE_STRIP = NO;
				DEBUG_INFORMATION_FORMAT = "dwarf-with-dsym";
				ENABLE_NS_ASSERTIONS = NO;
				ENABLE_STRICT_OBJC_MSGSEND = YES;
				GCC_C_LANGUAGE_STANDARD = gnu11;
				GCC_NO_COMMON_BLOCKS = YES;
				GCC_WARN_64_TO_32_BIT_CONVERSION = YES;
				GCC_WARN_ABOUT_RETURN_TYPE = YES_ERROR;
				GCC_WARN_UNDECLARED_SELECTOR = YES;
				GCC_WARN_UNINITIALIZED_AUTOS = YES_AGGRESSIVE;
				GCC_WARN_UNUSED_FUNCTION = YES;
				GCC_WARN_UNUSED_VARIABLE = YES;
				IPHONEOS_DEPLOYMENT_TARGET = 12.1;
				MTL_ENABLE_DEBUG_INFO = NO;
				MTL_FAST_MATH = YES;
				SDKROOT = iphoneos;
				SWIFT_COMPILATION_MODE = wholemodule;
				SWIFT_OPTIMIZATION_LEVEL = "-O";
				VALIDATE_PRODUCT = YES;
			};
			name = Release;
		};
		082FC83E220EC6F80030A56A /* Debug */ = {
			isa = XCBuildConfiguration;
			baseConfigurationReference = CC04E70EC1583EDF8A09E03E /* Pods-Tadaima.debug.xcconfig */;
			buildSettings = {
				ASSETCATALOG_COMPILER_APPICON_NAME = AppIcon;
				CODE_SIGN_ENTITLEMENTS = Tadaima/Tadaima.entitlements;
				CODE_SIGN_IDENTITY = "iPhone Developer";
				CODE_SIGN_STYLE = Automatic;
				DEVELOPMENT_TEAM = VA9FS99NC9;
				INFOPLIST_FILE = Tadaima/Info.plist;
				LD_RUNPATH_SEARCH_PATHS = (
					"$(inherited)",
					"@executable_path/Frameworks",
				);
				PRODUCT_BUNDLE_IDENTIFIER = com.ilang.reactnative.ChildrenCare;
				PRODUCT_NAME = "$(TARGET_NAME)";
				PROVISIONING_PROFILE_SPECIFIER = "";
				SWIFT_OBJC_BRIDGING_HEADER = "";
				SWIFT_VERSION = 4.2;
				TARGETED_DEVICE_FAMILY = 1;
			};
			name = Debug;
		};
		082FC83F220EC6F80030A56A /* Release */ = {
			isa = XCBuildConfiguration;
			baseConfigurationReference = 7DD776212663858789AFB7A3 /* Pods-Tadaima.release.xcconfig */;
			buildSettings = {
				ASSETCATALOG_COMPILER_APPICON_NAME = AppIcon;
				CODE_SIGN_ENTITLEMENTS = Tadaima/Tadaima.entitlements;
				CODE_SIGN_IDENTITY = "iPhone Developer";
				CODE_SIGN_STYLE = Automatic;
				DEVELOPMENT_TEAM = VA9FS99NC9;
				INFOPLIST_FILE = Tadaima/Info.plist;
				LD_RUNPATH_SEARCH_PATHS = (
					"$(inherited)",
					"@executable_path/Frameworks",
				);
				PRODUCT_BUNDLE_IDENTIFIER = com.ilang.reactnative.ChildrenCare;
				PRODUCT_NAME = "$(TARGET_NAME)";
				PROVISIONING_PROFILE_SPECIFIER = "";
				SWIFT_OBJC_BRIDGING_HEADER = "";
				SWIFT_VERSION = 4.2;
				TARGETED_DEVICE_FAMILY = 1;
			};
			name = Release;
		};
/* End XCBuildConfiguration section */

/* Begin XCConfigurationList section */
		082FC826220EC6F70030A56A /* Build configuration list for PBXProject "Tadaima" */ = {
			isa = XCConfigurationList;
			buildConfigurations = (
				082FC83B220EC6F80030A56A /* Debug */,
				082FC83C220EC6F80030A56A /* Release */,
			);
			defaultConfigurationIsVisible = 0;
			defaultConfigurationName = Release;
		};
		082FC83D220EC6F80030A56A /* Build configuration list for PBXNativeTarget "Tadaima" */ = {
			isa = XCConfigurationList;
			buildConfigurations = (
				082FC83E220EC6F80030A56A /* Debug */,
				082FC83F220EC6F80030A56A /* Release */,
			);
			defaultConfigurationIsVisible = 0;
			defaultConfigurationName = Release;
		};
/* End XCConfigurationList section */
	};
	rootObject = 082FC823220EC6F70030A56A /* Project object */;
}
